
Microsoft Visual Studio Solution File, Format Version 12.00
# Visual Studio Version 17
VisualStudioVersion = 17.9.34728.123
MinimumVisualStudioVersion = 10.0.40219.1
Project("{FAE04EC0-301F-11D3-BF4B-00C04F79EFBC}") = "YemekTarifiSite", "YemekTarifiSite\YemekTarifiSite.csproj", "{47D762D2-E5C5-46E5-B280-D630A6A4C75F}"
EndProject
Global
	GlobalSection(SolutionConfigurationPlatforms) = preSolution
		Debug|Any CPU = Debug|Any CPU
		Release|Any CPU = Release|Any CPU
	EndGlobalSection
	GlobalSection(ProjectConfigurationPlatforms) = postSolution
		{47D762D2-E5C5-46E5-B280-D630A6A4C75F}.Debug|Any CPU.ActiveCfg = Debug|Any CPU
		{47D762D2-E5C5-46E5-B280-D630A6A4C75F}.Debug|Any CPU.Build.0 = Debug|Any CPU
		{47D762D2-E5C5-46E5-B280-D630A6A4C75F}.Release|Any CPU.ActiveCfg = Release|Any CPU
		{47D762D2-E5C5-46E5-B280-D630A6A4C75F}.Release|Any CPU.Build.0 = Release|Any CPU
	EndGlobalSection
	GlobalSection(SolutionProperties) = preSolution
		HideSolutionNode = FALSE
	EndGlobalSection
	GlobalSection(ExtensibilityGlobals) = postSolution
		SolutionGuid = {747B1535-61F4-4AEC-8A06-B93C2F8FB733}
	EndGlobalSection
EndGlobal
